// !$*UTF8*$!
{
	archiveVersion = 1;
	classes = {
	};
	objectVersion = 46;
	objects = {

/* Begin PBXBuildFile section */
		3406F1A51682A42E004BDDFD /* KMRSSResponseParser.m in Sources */ = {isa = PBXBuildFile; fileRef = 3406F1A41682A42E004BDDFD /* KMRSSResponseParser.m */; };
		3406F1AD1682DDB7004BDDFD /* KMRSSItemListTableViewController.m in Sources */ = {isa = PBXBuildFile; fileRef = 3406F1AC1682DDB7004BDDFD /* KMRSSItemListTableViewController.m */; };
		3406F1B01682F52F004BDDFD /* KMRSSContentViewController.m in Sources */ = {isa = PBXBuildFile; fileRef = 3406F1AF1682F52F004BDDFD /* KMRSSContentViewController.m */; };
		3465E2D7168AC8C700AA2B12 /* KMGenreRootTableViewController.m in Sources */ = {isa = PBXBuildFile; fileRef = 3465E2D5168AC8C700AA2B12 /* KMGenreRootTableViewController.m */; };
		3465E2DC168AD72200AA2B12 /* genre.png in Resources */ = {isa = PBXBuildFile; fileRef = 3465E2DA168AD72200AA2B12 /* genre.png */; };
		3465E2DD168AD72200AA2B12 /* rss.png in Resources */ = {isa = PBXBuildFile; fileRef = 3465E2DB168AD72200AA2B12 /* rss.png */; };
		3465E2E4168BD39200AA2B12 /* KMTOPICRootTableViewController.m in Sources */ = {isa = PBXBuildFile; fileRef = 3465E2E2168BD39100AA2B12 /* KMTOPICRootTableViewController.m */; };
		3465E2E6168C3FD200AA2B12 /* topic.png in Resources */ = {isa = PBXBuildFile; fileRef = 3465E2E5168C3FD200AA2B12 /* topic.png */; };
		346995881689E9B90068F7D3 /* KMTOPICChannel.m in Sources */ = {isa = PBXBuildFile; fileRef = 3469957F1689E9B90068F7D3 /* KMTOPICChannel.m */; };
		346995891689E9B90068F7D3 /* KMTOPICChannelManager.m in Sources */ = {isa = PBXBuildFile; fileRef = 346995811689E9B90068F7D3 /* KMTOPICChannelManager.m */; };
		3469958A1689E9B90068F7D3 /* KMTOPICConnector.m in Sources */ = {isa = PBXBuildFile; fileRef = 346995831689E9B90068F7D3 /* KMTOPICConnector.m */; };
		3469958B1689E9B90068F7D3 /* KMTOPICItem.m in Sources */ = {isa = PBXBuildFile; fileRef = 346995851689E9B90068F7D3 /* KMTOPICItem.m */; };
		3469958C1689E9B90068F7D3 /* KMTOPICResponseParser.m in Sources */ = {isa = PBXBuildFile; fileRef = 346995871689E9B90068F7D3 /* KMTOPICResponseParser.m */; };
		346995911689EB540068F7D3 /* KMTOPICContentViewController.m in Sources */ = {isa = PBXBuildFile; fileRef = 3469958E1689EB540068F7D3 /* KMTOPICContentViewController.m */; };
		346995921689EB540068F7D3 /* KMTOPICItemListTableViewController.m in Sources */ = {isa = PBXBuildFile; fileRef = 346995901689EB540068F7D3 /* KMTOPICItemListTableViewController.m */; };
		34699594168A8D330068F7D3 /* rss.plist in Resources */ = {isa = PBXBuildFile; fileRef = 34699593168A8D330068F7D3 /* rss.plist */; };
		34699596168A91400068F7D3 /* genre.plist in Resources */ = {isa = PBXBuildFile; fileRef = 34699595168A91400068F7D3 /* genre.plist */; };
		347B424D1689D802003755C3 /* KMHTMLContentViewController.m in Sources */ = {isa = PBXBuildFile; fileRef = 347B424C1689D802003755C3 /* KMHTMLContentViewController.m */; };
		347B42511689D8F5003755C3 /* XPathQuery.m in Sources */ = {isa = PBXBuildFile; fileRef = 347B424F1689D8F5003755C3 /* XPathQuery.m */; };
		347B42531689D910003755C3 /* libxml2.dylib in Frameworks */ = {isa = PBXBuildFile; fileRef = 347B42521689D910003755C3 /* libxml2.dylib */; };
		34C576161681980F003CF1A7 /* UIKit.framework in Frameworks */ = {isa = PBXBuildFile; fileRef = 34C576151681980F003CF1A7 /* UIKit.framework */; };
		34C576181681980F003CF1A7 /* Foundation.framework in Frameworks */ = {isa = PBXBuildFile; fileRef = 34C576171681980F003CF1A7 /* Foundation.framework */; };
		34C5761A1681980F003CF1A7 /* CoreGraphics.framework in Frameworks */ = {isa = PBXBuildFile; fileRef = 34C576191681980F003CF1A7 /* CoreGraphics.framework */; };
		34C576201681980F003CF1A7 /* InfoPlist.strings in Resources */ = {isa = PBXBuildFile; fileRef = 34C5761E1681980F003CF1A7 /* InfoPlist.strings */; };
		34C576221681980F003CF1A7 /* main.m in Sources */ = {isa = PBXBuildFile; fileRef = 34C576211681980F003CF1A7 /* main.m */; };
		34C5762616819810003CF1A7 /* KMAppDelegate.m in Sources */ = {isa = PBXBuildFile; fileRef = 34C5762516819810003CF1A7 /* KMAppDelegate.m */; };
		34C5762816819810003CF1A7 /* Default.png in Resources */ = {isa = PBXBuildFile; fileRef = 34C5762716819810003CF1A7 /* Default.png */; };
		34C5762A16819810003CF1A7 /* Default@2x.png in Resources */ = {isa = PBXBuildFile; fileRef = 34C5762916819810003CF1A7 /* Default@2x.png */; };
		34C5762C16819810003CF1A7 /* Default-568h@2x.png in Resources */ = {isa = PBXBuildFile; fileRef = 34C5762B16819810003CF1A7 /* Default-568h@2x.png */; };
		34C5763D16819810003CF1A7 /* SenTestingKit.framework in Frameworks */ = {isa = PBXBuildFile; fileRef = 34C5763C16819810003CF1A7 /* SenTestingKit.framework */; };
		34C5763E16819810003CF1A7 /* UIKit.framework in Frameworks */ = {isa = PBXBuildFile; fileRef = 34C576151681980F003CF1A7 /* UIKit.framework */; };
		34C5763F16819810003CF1A7 /* Foundation.framework in Frameworks */ = {isa = PBXBuildFile; fileRef = 34C576171681980F003CF1A7 /* Foundation.framework */; };
		34C5764716819810003CF1A7 /* InfoPlist.strings in Resources */ = {isa = PBXBuildFile; fileRef = 34C5764516819810003CF1A7 /* InfoPlist.strings */; };
		34C5764A16819810003CF1A7 /* RSSnikoNewsTests.m in Sources */ = {isa = PBXBuildFile; fileRef = 34C5764916819810003CF1A7 /* RSSnikoNewsTests.m */; };
		34C5765516819CEA003CF1A7 /* KMRootTableViewController.m in Sources */ = {isa = PBXBuildFile; fileRef = 34C5765416819CEA003CF1A7 /* KMRootTableViewController.m */; };
		34C576581681BFBF003CF1A7 /* KMRSSChannel.m in Sources */ = {isa = PBXBuildFile; fileRef = 34C576571681BFBF003CF1A7 /* KMRSSChannel.m */; };
		34C5765C1681C38F003CF1A7 /* KMRSSChannelManager.m in Sources */ = {isa = PBXBuildFile; fileRef = 34C5765B1681C38F003CF1A7 /* KMRSSChannelManager.m */; };
		34C5765F1681C7FB003CF1A7 /* KMRSSConnector.m in Sources */ = {isa = PBXBuildFile; fileRef = 34C5765E1681C7FB003CF1A7 /* KMRSSConnector.m */; };
		34C5766216829E9D003CF1A7 /* KMRSSItem.m in Sources */ = {isa = PBXBuildFile; fileRef = 34C5766116829E9D003CF1A7 /* KMRSSItem.m */; };
		34EA6D8B16840A3B001EA040 /* icon.png in Resources */ = {isa = PBXBuildFile; fileRef = 34EA6D8A16840A3B001EA040 /* icon.png */; };
		34EA6D9716841EF0001EA040 /* KMHTMLResponseParser.m in Sources */ = {isa = PBXBuildFile; fileRef = 34EA6D9616841EF0001EA040 /* KMHTMLResponseParser.m */; };
		34EA6DA616842380001EA040 /* KMHTMLConnector.m in Sources */ = {isa = PBXBuildFile; fileRef = 34EA6D9D1684237F001EA040 /* KMHTMLConnector.m */; };
		34EA6DA716842380001EA040 /* KMHTMLItem.m in Sources */ = {isa = PBXBuildFile; fileRef = 34EA6D9E1684237F001EA040 /* KMHTMLItem.m */; };
		34EA6DA816842380001EA040 /* KMHTMLChannelManager.m in Sources */ = {isa = PBXBuildFile; fileRef = 34EA6DA11684237F001EA040 /* KMHTMLChannelManager.m */; };
		34EA6DA916842380001EA040 /* KMHTMLChannel.m in Sources */ = {isa = PBXBuildFile; fileRef = 34EA6DA31684237F001EA040 /* KMHTMLChannel.m */; };
		34EA6DAC16843239001EA040 /* KMHTMLItemListTableViewController.m in Sources */ = {isa = PBXBuildFile; fileRef = 34EA6DAB16843239001EA040 /* KMHTMLItemListTableViewController.m */; };
/* End PBXBuildFile section */

/* Begin PBXContainerItemProxy section */
		34C5764016819810003CF1A7 /* PBXContainerItemProxy */ = {
			isa = PBXContainerItemProxy;
			containerPortal = 34C576081681980F003CF1A7 /* Project object */;
			proxyType = 1;
			remoteGlobalIDString = 34C576101681980F003CF1A7;
			remoteInfo = RSSnikoNews;
		};
/* End PBXContainerItemProxy section */

/* Begin PBXFileReference section */
		3406F1A31682A42E004BDDFD /* KMRSSResponseParser.h */ = {isa = PBXFileReference; fileEncoding = 4; lastKnownFileType = sourcecode.c.h; path = KMRSSResponseParser.h; sourceTree = "<group>"; };
		3406F1A41682A42E004BDDFD /* KMRSSResponseParser.m */ = {isa = PBXFileReference; fileEncoding = 4; lastKnownFileType = sourcecode.c.objc; path = KMRSSResponseParser.m; sourceTree = "<group>"; };
		3406F1AB1682DDB7004BDDFD /* KMRSSItemListTableViewController.h */ = {isa = PBXFileReference; fileEncoding = 4; lastKnownFileType = sourcecode.c.h; path = KMRSSItemListTableViewController.h; sourceTree = "<group>"; };
		3406F1AC1682DDB7004BDDFD /* KMRSSItemListTableViewController.m */ = {isa = PBXFileReference; fileEncoding = 4; lastKnownFileType = sourcecode.c.objc; path = KMRSSItemListTableViewController.m; sourceTree = "<group>"; };
		3406F1AE1682F52F004BDDFD /* KMRSSContentViewController.h */ = {isa = PBXFileReference; fileEncoding = 4; lastKnownFileType = sourcecode.c.h; path = KMRSSContentViewController.h; sourceTree = "<group>"; };
		3406F1AF1682F52F004BDDFD /* KMRSSContentViewController.m */ = {isa = PBXFileReference; fileEncoding = 4; lastKnownFileType = sourcecode.c.objc; path = KMRSSContentViewController.m; sourceTree = "<group>"; };
		3465E2D5168AC8C700AA2B12 /* KMGenreRootTableViewController.m */ = {isa = PBXFileReference; fileEncoding = 4; lastKnownFileType = sourcecode.c.objc; path = KMGenreRootTableViewController.m; sourceTree = "<group>"; };
		3465E2D6168AC8C700AA2B12 /* KMGenreRootTableViewController.h */ = {isa = PBXFileReference; fileEncoding = 4; lastKnownFileType = sourcecode.c.h; path = KMGenreRootTableViewController.h; sourceTree = "<group>"; };
		3465E2DA168AD72200AA2B12 /* genre.png */ = {isa = PBXFileReference; lastKnownFileType = image.png; path = genre.png; sourceTree = "<group>"; };
		3465E2DB168AD72200AA2B12 /* rss.png */ = {isa = PBXFileReference; lastKnownFileType = image.png; path = rss.png; sourceTree = "<group>"; };
		3465E2E2168BD39100AA2B12 /* KMTOPICRootTableViewController.m */ = {isa = PBXFileReference; fileEncoding = 4; lastKnownFileType = sourcecode.c.objc; path = KMTOPICRootTableViewController.m; sourceTree = "<group>"; };
		3465E2E3168BD39200AA2B12 /* KMTOPICRootTableViewController.h */ = {isa = PBXFileReference; fileEncoding = 4; lastKnownFileType = sourcecode.c.h; path = KMTOPICRootTableViewController.h; sourceTree = "<group>"; };
		3465E2E5168C3FD200AA2B12 /* topic.png */ = {isa = PBXFileReference; lastKnownFileType = image.png; path = topic.png; sourceTree = "<group>"; };
		3469957E1689E9B90068F7D3 /* KMTOPICChannel.h */ = {isa = PBXFileReference; fileEncoding = 4; lastKnownFileType = sourcecode.c.h; path = KMTOPICChannel.h; sourceTree = "<group>"; };
		3469957F1689E9B90068F7D3 /* KMTOPICChannel.m */ = {isa = PBXFileReference; fileEncoding = 4; lastKnownFileType = sourcecode.c.objc; path = KMTOPICChannel.m; sourceTree = "<group>"; };
		346995801689E9B90068F7D3 /* KMTOPICChannelManager.h */ = {isa = PBXFileReference; fileEncoding = 4; lastKnownFileType = sourcecode.c.h; path = KMTOPICChannelManager.h; sourceTree = "<group>"; };
		346995811689E9B90068F7D3 /* KMTOPICChannelManager.m */ = {isa = PBXFileReference; fileEncoding = 4; lastKnownFileType = sourcecode.c.objc; path = KMTOPICChannelManager.m; sourceTree = "<group>"; };
		346995821689E9B90068F7D3 /* KMTOPICConnector.h */ = {isa = PBXFileReference; fileEncoding = 4; lastKnownFileType = sourcecode.c.h; path = KMTOPICConnector.h; sourceTree = "<group>"; };
		346995831689E9B90068F7D3 /* KMTOPICConnector.m */ = {isa = PBXFileReference; fileEncoding = 4; lastKnownFileType = sourcecode.c.objc; path = KMTOPICConnector.m; sourceTree = "<group>"; };
		346995841689E9B90068F7D3 /* KMTOPICItem.h */ = {isa = PBXFileReference; fileEncoding = 4; lastKnownFileType = sourcecode.c.h; path = KMTOPICItem.h; sourceTree = "<group>"; };
		346995851689E9B90068F7D3 /* KMTOPICItem.m */ = {isa = PBXFileReference; fileEncoding = 4; lastKnownFileType = sourcecode.c.objc; path = KMTOPICItem.m; sourceTree = "<group>"; };
		346995861689E9B90068F7D3 /* KMTOPICResponseParser.h */ = {isa = PBXFileReference; fileEncoding = 4; lastKnownFileType = sourcecode.c.h; path = KMTOPICResponseParser.h; sourceTree = "<group>"; };
		346995871689E9B90068F7D3 /* KMTOPICResponseParser.m */ = {isa = PBXFileReference; fileEncoding = 4; lastKnownFileType = sourcecode.c.objc; path = KMTOPICResponseParser.m; sourceTree = "<group>"; };
		3469958D1689EB540068F7D3 /* KMTOPICContentViewController.h */ = {isa = PBXFileReference; fileEncoding = 4; lastKnownFileType = sourcecode.c.h; path = KMTOPICContentViewController.h; sourceTree = "<group>"; };
		3469958E1689EB540068F7D3 /* KMTOPICContentViewController.m */ = {isa = PBXFileReference; fileEncoding = 4; lastKnownFileType = sourcecode.c.objc; path = KMTOPICContentViewController.m; sourceTree = "<group>"; };
		3469958F1689EB540068F7D3 /* KMTOPICItemListTableViewController.h */ = {isa = PBXFileReference; fileEncoding = 4; lastKnownFileType = sourcecode.c.h; path = KMTOPICItemListTableViewController.h; sourceTree = "<group>"; };
		346995901689EB540068F7D3 /* KMTOPICItemListTableViewController.m */ = {isa = PBXFileReference; fileEncoding = 4; lastKnownFileType = sourcecode.c.objc; path = KMTOPICItemListTableViewController.m; sourceTree = "<group>"; };
		34699593168A8D330068F7D3 /* rss.plist */ = {isa = PBXFileReference; fileEncoding = 4; lastKnownFileType = text.plist.xml; path = rss.plist; sourceTree = "<group>"; };
		34699595168A91400068F7D3 /* genre.plist */ = {isa = PBXFileReference; fileEncoding = 4; lastKnownFileType = text.plist.xml; path = genre.plist; sourceTree = "<group>"; };
		347B424B1689D802003755C3 /* KMHTMLContentViewController.h */ = {isa = PBXFileReference; fileEncoding = 4; lastKnownFileType = sourcecode.c.h; path = KMHTMLContentViewController.h; sourceTree = "<group>"; };
		347B424C1689D802003755C3 /* KMHTMLContentViewController.m */ = {isa = PBXFileReference; fileEncoding = 4; lastKnownFileType = sourcecode.c.objc; path = KMHTMLContentViewController.m; sourceTree = "<group>"; };
		347B424F1689D8F5003755C3 /* XPathQuery.m */ = {isa = PBXFileReference; fileEncoding = 4; lastKnownFileType = sourcecode.c.objc; path = XPathQuery.m; sourceTree = "<group>"; };
		347B42501689D8F5003755C3 /* XPathQuery.h */ = {isa = PBXFileReference; fileEncoding = 4; lastKnownFileType = sourcecode.c.h; path = XPathQuery.h; sourceTree = "<group>"; };
		347B42521689D910003755C3 /* libxml2.dylib */ = {isa = PBXFileReference; lastKnownFileType = "compiled.mach-o.dylib"; name = libxml2.dylib; path = usr/lib/libxml2.dylib; sourceTree = SDKROOT; };
		347B42541689D949003755C3 /* libxml2.2.dylib */ = {isa = PBXFileReference; lastKnownFileType = "compiled.mach-o.dylib"; name = libxml2.2.dylib; path = usr/lib/libxml2.2.dylib; sourceTree = SDKROOT; };
		34C576111681980F003CF1A7 /* RSSnikoNews.app */ = {isa = PBXFileReference; explicitFileType = wrapper.application; includeInIndex = 0; path = RSSnikoNews.app; sourceTree = BUILT_PRODUCTS_DIR; };
		34C576151681980F003CF1A7 /* UIKit.framework */ = {isa = PBXFileReference; lastKnownFileType = wrapper.framework; name = UIKit.framework; path = System/Library/Frameworks/UIKit.framework; sourceTree = SDKROOT; };
		34C576171681980F003CF1A7 /* Foundation.framework */ = {isa = PBXFileReference; lastKnownFileType = wrapper.framework; name = Foundation.framework; path = System/Library/Frameworks/Foundation.framework; sourceTree = SDKROOT; };
		34C576191681980F003CF1A7 /* CoreGraphics.framework */ = {isa = PBXFileReference; lastKnownFileType = wrapper.framework; name = CoreGraphics.framework; path = System/Library/Frameworks/CoreGraphics.framework; sourceTree = SDKROOT; };
		34C5761D1681980F003CF1A7 /* RSSnikoNews-Info.plist */ = {isa = PBXFileReference; lastKnownFileType = text.plist.xml; path = "RSSnikoNews-Info.plist"; sourceTree = "<group>"; };
		34C5761F1681980F003CF1A7 /* en */ = {isa = PBXFileReference; lastKnownFileType = text.plist.strings; name = en; path = en.lproj/InfoPlist.strings; sourceTree = "<group>"; };
		34C576211681980F003CF1A7 /* main.m */ = {isa = PBXFileReference; lastKnownFileType = sourcecode.c.objc; path = main.m; sourceTree = "<group>"; };
		34C576231681980F003CF1A7 /* RSSnikoNews-Prefix.pch */ = {isa = PBXFileReference; lastKnownFileType = sourcecode.c.h; path = "RSSnikoNews-Prefix.pch"; sourceTree = "<group>"; };
		34C576241681980F003CF1A7 /* KMAppDelegate.h */ = {isa = PBXFileReference; lastKnownFileType = sourcecode.c.h; path = KMAppDelegate.h; sourceTree = "<group>"; };
		34C5762516819810003CF1A7 /* KMAppDelegate.m */ = {isa = PBXFileReference; lastKnownFileType = sourcecode.c.objc; path = KMAppDelegate.m; sourceTree = "<group>"; };
		34C5762716819810003CF1A7 /* Default.png */ = {isa = PBXFileReference; lastKnownFileType = image.png; path = Default.png; sourceTree = "<group>"; };
		34C5762916819810003CF1A7 /* Default@2x.png */ = {isa = PBXFileReference; lastKnownFileType = image.png; path = "Default@2x.png"; sourceTree = "<group>"; };
		34C5762B16819810003CF1A7 /* Default-568h@2x.png */ = {isa = PBXFileReference; lastKnownFileType = image.png; path = "Default-568h@2x.png"; sourceTree = "<group>"; };
		34C5763B16819810003CF1A7 /* RSSnikoNewsTests.octest */ = {isa = PBXFileReference; explicitFileType = wrapper.cfbundle; includeInIndex = 0; path = RSSnikoNewsTests.octest; sourceTree = BUILT_PRODUCTS_DIR; };
		34C5763C16819810003CF1A7 /* SenTestingKit.framework */ = {isa = PBXFileReference; lastKnownFileType = wrapper.framework; name = SenTestingKit.framework; path = Library/Frameworks/SenTestingKit.framework; sourceTree = DEVELOPER_DIR; };
		34C5764416819810003CF1A7 /* RSSnikoNewsTests-Info.plist */ = {isa = PBXFileReference; lastKnownFileType = text.plist.xml; path = "RSSnikoNewsTests-Info.plist"; sourceTree = "<group>"; };
		34C5764616819810003CF1A7 /* en */ = {isa = PBXFileReference; lastKnownFileType = text.plist.strings; name = en; path = en.lproj/InfoPlist.strings; sourceTree = "<group>"; };
		34C5764816819810003CF1A7 /* RSSnikoNewsTests.h */ = {isa = PBXFileReference; lastKnownFileType = sourcecode.c.h; path = RSSnikoNewsTests.h; sourceTree = "<group>"; };
		34C5764916819810003CF1A7 /* RSSnikoNewsTests.m */ = {isa = PBXFileReference; lastKnownFileType = sourcecode.c.objc; path = RSSnikoNewsTests.m; sourceTree = "<group>"; };
		34C5765316819CEA003CF1A7 /* KMRootTableViewController.h */ = {isa = PBXFileReference; fileEncoding = 4; lastKnownFileType = sourcecode.c.h; path = KMRootTableViewController.h; sourceTree = "<group>"; };
		34C5765416819CEA003CF1A7 /* KMRootTableViewController.m */ = {isa = PBXFileReference; fileEncoding = 4; lastKnownFileType = sourcecode.c.objc; path = KMRootTableViewController.m; sourceTree = "<group>"; };
		34C576561681BFBF003CF1A7 /* KMRSSChannel.h */ = {isa = PBXFileReference; fileEncoding = 4; lastKnownFileType = sourcecode.c.h; path = KMRSSChannel.h; sourceTree = "<group>"; };
		34C576571681BFBF003CF1A7 /* KMRSSChannel.m */ = {isa = PBXFileReference; fileEncoding = 4; lastKnownFileType = sourcecode.c.objc; path = KMRSSChannel.m; sourceTree = "<group>"; };
		34C5765A1681C38F003CF1A7 /* KMRSSChannelManager.h */ = {isa = PBXFileReference; fileEncoding = 4; lastKnownFileType = sourcecode.c.h; path = KMRSSChannelManager.h; sourceTree = "<group>"; };
		34C5765B1681C38F003CF1A7 /* KMRSSChannelManager.m */ = {isa = PBXFileReference; fileEncoding = 4; lastKnownFileType = sourcecode.c.objc; path = KMRSSChannelManager.m; sourceTree = "<group>"; };
		34C5765D1681C7FB003CF1A7 /* KMRSSConnector.h */ = {isa = PBXFileReference; fileEncoding = 4; lastKnownFileType = sourcecode.c.h; path = KMRSSConnector.h; sourceTree = "<group>"; };
		34C5765E1681C7FB003CF1A7 /* KMRSSConnector.m */ = {isa = PBXFileReference; fileEncoding = 4; lastKnownFileType = sourcecode.c.objc; path = KMRSSConnector.m; sourceTree = "<group>"; };
		34C5766016829E9D003CF1A7 /* KMRSSItem.h */ = {isa = PBXFileReference; fileEncoding = 4; lastKnownFileType = sourcecode.c.h; path = KMRSSItem.h; sourceTree = "<group>"; };
		34C5766116829E9D003CF1A7 /* KMRSSItem.m */ = {isa = PBXFileReference; fileEncoding = 4; lastKnownFileType = sourcecode.c.objc; path = KMRSSItem.m; sourceTree = "<group>"; };
		34EA6D8A16840A3B001EA040 /* icon.png */ = {isa = PBXFileReference; lastKnownFileType = image.png; path = icon.png; sourceTree = "<group>"; };
		34EA6D9516841EF0001EA040 /* KMHTMLResponseParser.h */ = {isa = PBXFileReference; fileEncoding = 4; lastKnownFileType = sourcecode.c.h; path = KMHTMLResponseParser.h; sourceTree = "<group>"; };
		34EA6D9616841EF0001EA040 /* KMHTMLResponseParser.m */ = {isa = PBXFileReference; fileEncoding = 4; lastKnownFileType = sourcecode.c.objc; path = KMHTMLResponseParser.m; sourceTree = "<group>"; };
		34EA6D9D1684237F001EA040 /* KMHTMLConnector.m */ = {isa = PBXFileReference; fileEncoding = 4; lastKnownFileType = sourcecode.c.objc; path = KMHTMLConnector.m; sourceTree = "<group>"; };
		34EA6D9E1684237F001EA040 /* KMHTMLItem.m */ = {isa = PBXFileReference; fileEncoding = 4; lastKnownFileType = sourcecode.c.objc; path = KMHTMLItem.m; sourceTree = "<group>"; };
		34EA6D9F1684237F001EA040 /* KMHTMLItem.h */ = {isa = PBXFileReference; fileEncoding = 4; lastKnownFileType = sourcecode.c.h; path = KMHTMLItem.h; sourceTree = "<group>"; };
		34EA6DA01684237F001EA040 /* KMHTMLConnector.h */ = {isa = PBXFileReference; fileEncoding = 4; lastKnownFileType = sourcecode.c.h; path = KMHTMLConnector.h; sourceTree = "<group>"; };
		34EA6DA11684237F001EA040 /* KMHTMLChannelManager.m */ = {isa = PBXFileReference; fileEncoding = 4; lastKnownFileType = sourcecode.c.objc; path = KMHTMLChannelManager.m; sourceTree = "<group>"; };
		34EA6DA21684237F001EA040 /* KMHTMLChannelManager.h */ = {isa = PBXFileReference; fileEncoding = 4; lastKnownFileType = sourcecode.c.h; path = KMHTMLChannelManager.h; sourceTree = "<group>"; };
		34EA6DA31684237F001EA040 /* KMHTMLChannel.m */ = {isa = PBXFileReference; fileEncoding = 4; lastKnownFileType = sourcecode.c.objc; path = KMHTMLChannel.m; sourceTree = "<group>"; };
		34EA6DA41684237F001EA040 /* KMHTMLChannel.h */ = {isa = PBXFileReference; fileEncoding = 4; lastKnownFileType = sourcecode.c.h; path = KMHTMLChannel.h; sourceTree = "<group>"; };
		34EA6DAA16843239001EA040 /* KMHTMLItemListTableViewController.h */ = {isa = PBXFileReference; fileEncoding = 4; lastKnownFileType = sourcecode.c.h; path = KMHTMLItemListTableViewController.h; sourceTree = "<group>"; };
		34EA6DAB16843239001EA040 /* KMHTMLItemListTableViewController.m */ = {isa = PBXFileReference; fileEncoding = 4; lastKnownFileType = sourcecode.c.objc; path = KMHTMLItemListTableViewController.m; sourceTree = "<group>"; };
/* End PBXFileReference section */

/* Begin PBXFrameworksBuildPhase section */
		34C5760E1681980F003CF1A7 /* Frameworks */ = {
			isa = PBXFrameworksBuildPhase;
			buildActionMask = 2147483647;
			files = (
				347B42531689D910003755C3 /* libxml2.dylib in Frameworks */,
				34C576161681980F003CF1A7 /* UIKit.framework in Frameworks */,
				34C576181681980F003CF1A7 /* Foundation.framework in Frameworks */,
				34C5761A1681980F003CF1A7 /* CoreGraphics.framework in Frameworks */,
			);
			runOnlyForDeploymentPostprocessing = 0;
		};
		34C5763716819810003CF1A7 /* Frameworks */ = {
			isa = PBXFrameworksBuildPhase;
			buildActionMask = 2147483647;
			files = (
				34C5763D16819810003CF1A7 /* SenTestingKit.framework in Frameworks */,
				34C5763E16819810003CF1A7 /* UIKit.framework in Frameworks */,
				34C5763F16819810003CF1A7 /* Foundation.framework in Frameworks */,
			);
			runOnlyForDeploymentPostprocessing = 0;
		};
/* End PBXFrameworksBuildPhase section */

/* Begin PBXGroup section */
		3406F1AA1682CE1E004BDDFD /* control */ = {
			isa = PBXGroup;
			children = (
				3465E2EF168D217F00AA2B12 /* RSS */,
				3465E2F1168D218E00AA2B12 /* TOPIC */,
				3465E2F2168D219600AA2B12 /* HTML */,
			);
			name = control;
			sourceTree = "<group>";
		};
		3465E2EF168D217F00AA2B12 /* RSS */ = {
			isa = PBXGroup;
			children = (
				34C5765316819CEA003CF1A7 /* KMRootTableViewController.h */,
				34C5765416819CEA003CF1A7 /* KMRootTableViewController.m */,
				3406F1AB1682DDB7004BDDFD /* KMRSSItemListTableViewController.h */,
				3406F1AC1682DDB7004BDDFD /* KMRSSItemListTableViewController.m */,
				3406F1AE1682F52F004BDDFD /* KMRSSContentViewController.h */,
				3406F1AF1682F52F004BDDFD /* KMRSSContentViewController.m */,
			);
			name = RSS;
			sourceTree = "<group>";
		};
		3465E2F1168D218E00AA2B12 /* TOPIC */ = {
			isa = PBXGroup;
			children = (
				3469958D1689EB540068F7D3 /* KMTOPICContentViewController.h */,
				3469958E1689EB540068F7D3 /* KMTOPICContentViewController.m */,
				3469958F1689EB540068F7D3 /* KMTOPICItemListTableViewController.h */,
				346995901689EB540068F7D3 /* KMTOPICItemListTableViewController.m */,
				3465E2E2168BD39100AA2B12 /* KMTOPICRootTableViewController.m */,
				3465E2E3168BD39200AA2B12 /* KMTOPICRootTableViewController.h */,
			);
			name = TOPIC;
			sourceTree = "<group>";
		};
		3465E2F2168D219600AA2B12 /* HTML */ = {
			isa = PBXGroup;
			children = (
				3465E2D5168AC8C700AA2B12 /* KMGenreRootTableViewController.m */,
				3465E2D6168AC8C700AA2B12 /* KMGenreRootTableViewController.h */,
				347B424B1689D802003755C3 /* KMHTMLContentViewController.h */,
				347B424C1689D802003755C3 /* KMHTMLContentViewController.m */,
				34EA6DAA16843239001EA040 /* KMHTMLItemListTableViewController.h */,
				34EA6DAB16843239001EA040 /* KMHTMLItemListTableViewController.m */,
			);
			name = HTML;
			sourceTree = "<group>";
		};
		3465E2F3168D221D00AA2B12 /* image */ = {
			isa = PBXGroup;
			children = (
				34EA6D8A16840A3B001EA040 /* icon.png */,
				34C5762716819810003CF1A7 /* Default.png */,
				34C5762916819810003CF1A7 /* Default@2x.png */,
				34C5762B16819810003CF1A7 /* Default-568h@2x.png */,
				3465E2DA168AD72200AA2B12 /* genre.png */,
				3465E2DB168AD72200AA2B12 /* rss.png */,
				3465E2E5168C3FD200AA2B12 /* topic.png */,
			);
			name = image;
			sourceTree = "<group>";
		};
		3469957C1689E9400068F7D3 /* TOPIC */ = {
			isa = PBXGroup;
			children = (
				3469957E1689E9B90068F7D3 /* KMTOPICChannel.h */,
				3469957F1689E9B90068F7D3 /* KMTOPICChannel.m */,
				346995841689E9B90068F7D3 /* KMTOPICItem.h */,
				346995851689E9B90068F7D3 /* KMTOPICItem.m */,
				346995801689E9B90068F7D3 /* KMTOPICChannelManager.h */,
				346995811689E9B90068F7D3 /* KMTOPICChannelManager.m */,
				346995821689E9B90068F7D3 /* KMTOPICConnector.h */,
				346995831689E9B90068F7D3 /* KMTOPICConnector.m */,
				346995861689E9B90068F7D3 /* KMTOPICResponseParser.h */,
				346995871689E9B90068F7D3 /* KMTOPICResponseParser.m */,
			);
			name = TOPIC;
			sourceTree = "<group>";
		};
		34C576061681980F003CF1A7 = {
			isa = PBXGroup;
			children = (
				34C5761B1681980F003CF1A7 /* RSSnikoNews */,
				34C5764216819810003CF1A7 /* RSSnikoNewsTests */,
				34C576141681980F003CF1A7 /* Frameworks */,
				34C576121681980F003CF1A7 /* Products */,
			);
			sourceTree = "<group>";
		};
		34C576121681980F003CF1A7 /* Products */ = {
			isa = PBXGroup;
			children = (
				34C576111681980F003CF1A7 /* RSSnikoNews.app */,
				34C5763B16819810003CF1A7 /* RSSnikoNewsTests.octest */,
			);
			name = Products;
			sourceTree = "<group>";
		};
		34C576141681980F003CF1A7 /* Frameworks */ = {
			isa = PBXGroup;
			children = (
				347B42541689D949003755C3 /* libxml2.2.dylib */,
				347B42521689D910003755C3 /* libxml2.dylib */,
				34C576151681980F003CF1A7 /* UIKit.framework */,
				34C576171681980F003CF1A7 /* Foundation.framework */,
				34C576191681980F003CF1A7 /* CoreGraphics.framework */,
				34C5763C16819810003CF1A7 /* SenTestingKit.framework */,
			);
			name = Frameworks;
			sourceTree = "<group>";
		};
		34C5761B1681980F003CF1A7 /* RSSnikoNews */ = {
			isa = PBXGroup;
			children = (
				34C576241681980F003CF1A7 /* KMAppDelegate.h */,
				34C5762516819810003CF1A7 /* KMAppDelegate.m */,
				347B424F1689D8F5003755C3 /* XPathQuery.m */,
				347B42501689D8F5003755C3 /* XPathQuery.h */,
				3406F1AA1682CE1E004BDDFD /* control */,
				34C576591681BFD5003CF1A7 /* model */,
				34C5761C1681980F003CF1A7 /* Supporting Files */,
			);
			path = RSSnikoNews;
			sourceTree = "<group>";
		};
		34C5761C1681980F003CF1A7 /* Supporting Files */ = {
			isa = PBXGroup;
			children = (
				34C5761D1681980F003CF1A7 /* RSSnikoNews-Info.plist */,
				3465E2F3168D221D00AA2B12 /* image */,
				34699593168A8D330068F7D3 /* rss.plist */,
				34699595168A91400068F7D3 /* genre.plist */,
				34C5761E1681980F003CF1A7 /* InfoPlist.strings */,
				34C576211681980F003CF1A7 /* main.m */,
				34C576231681980F003CF1A7 /* RSSnikoNews-Prefix.pch */,
			);
			name = "Supporting Files";
			sourceTree = "<group>";
		};
		34C5764216819810003CF1A7 /* RSSnikoNewsTests */ = {
			isa = PBXGroup;
			children = (
				34C5764816819810003CF1A7 /* RSSnikoNewsTests.h */,
				34C5764916819810003CF1A7 /* RSSnikoNewsTests.m */,
				34C5764316819810003CF1A7 /* Supporting Files */,
			);
			path = RSSnikoNewsTests;
			sourceTree = "<group>";
		};
		34C5764316819810003CF1A7 /* Supporting Files */ = {
			isa = PBXGroup;
			children = (
				34C5764416819810003CF1A7 /* RSSnikoNewsTests-Info.plist */,
				34C5764516819810003CF1A7 /* InfoPlist.strings */,
			);
			name = "Supporting Files";
			sourceTree = "<group>";
		};
		34C576591681BFD5003CF1A7 /* model */ = {
			isa = PBXGroup;
			children = (
				3469957C1689E9400068F7D3 /* TOPIC */,
				34EA6D99168421FC001EA040 /* RSS */,
				34EA6D9A16842215001EA040 /* HTML */,
			);
			name = model;
			sourceTree = "<group>";
		};
		34EA6D99168421FC001EA040 /* RSS */ = {
			isa = PBXGroup;
			children = (
				34C576561681BFBF003CF1A7 /* KMRSSChannel.h */,
				34C576571681BFBF003CF1A7 /* KMRSSChannel.m */,
				34C5766016829E9D003CF1A7 /* KMRSSItem.h */,
				34C5766116829E9D003CF1A7 /* KMRSSItem.m */,
				34C5765A1681C38F003CF1A7 /* KMRSSChannelManager.h */,
				34C5765B1681C38F003CF1A7 /* KMRSSChannelManager.m */,
				34C5765D1681C7FB003CF1A7 /* KMRSSConnector.h */,
				34C5765E1681C7FB003CF1A7 /* KMRSSConnector.m */,
				3406F1A31682A42E004BDDFD /* KMRSSResponseParser.h */,
				3406F1A41682A42E004BDDFD /* KMRSSResponseParser.m */,
			);
			name = RSS;
			sourceTree = "<group>";
		};
		34EA6D9A16842215001EA040 /* HTML */ = {
			isa = PBXGroup;
			children = (
				34EA6DA41684237F001EA040 /* KMHTMLChannel.h */,
				34EA6DA31684237F001EA040 /* KMHTMLChannel.m */,
				34EA6D9F1684237F001EA040 /* KMHTMLItem.h */,
				34EA6D9E1684237F001EA040 /* KMHTMLItem.m */,
				34EA6DA21684237F001EA040 /* KMHTMLChannelManager.h */,
				34EA6DA11684237F001EA040 /* KMHTMLChannelManager.m */,
				34EA6DA01684237F001EA040 /* KMHTMLConnector.h */,
				34EA6D9D1684237F001EA040 /* KMHTMLConnector.m */,
				34EA6D9516841EF0001EA040 /* KMHTMLResponseParser.h */,
				34EA6D9616841EF0001EA040 /* KMHTMLResponseParser.m */,
			);
			name = HTML;
			sourceTree = "<group>";
		};
/* End PBXGroup section */

/* Begin PBXNativeTarget section */
		34C576101681980F003CF1A7 /* RSSnikoNews */ = {
			isa = PBXNativeTarget;
			buildConfigurationList = 34C5764D16819810003CF1A7 /* Build configuration list for PBXNativeTarget "RSSnikoNews" */;
			buildPhases = (
				34C5760D1681980F003CF1A7 /* Sources */,
				34C5760E1681980F003CF1A7 /* Frameworks */,
				34C5760F1681980F003CF1A7 /* Resources */,
			);
			buildRules = (
			);
			dependencies = (
			);
			name = RSSnikoNews;
			productName = RSSnikoNews;
			productReference = 34C576111681980F003CF1A7 /* RSSnikoNews.app */;
			productType = "com.apple.product-type.application";
		};
		34C5763A16819810003CF1A7 /* RSSnikoNewsTests */ = {
			isa = PBXNativeTarget;
			buildConfigurationList = 34C5765016819810003CF1A7 /* Build configuration list for PBXNativeTarget "RSSnikoNewsTests" */;
			buildPhases = (
				34C5763616819810003CF1A7 /* Sources */,
				34C5763716819810003CF1A7 /* Frameworks */,
				34C5763816819810003CF1A7 /* Resources */,
				34C5763916819810003CF1A7 /* ShellScript */,
			);
			buildRules = (
			);
			dependencies = (
				34C5764116819810003CF1A7 /* PBXTargetDependency */,
			);
			name = RSSnikoNewsTests;
			productName = RSSnikoNewsTests;
			productReference = 34C5763B16819810003CF1A7 /* RSSnikoNewsTests.octest */;
			productType = "com.apple.product-type.bundle";
		};
/* End PBXNativeTarget section */

/* Begin PBXProject section */
		34C576081681980F003CF1A7 /* Project object */ = {
			isa = PBXProject;
			attributes = {
				CLASSPREFIX = KM;
				LastUpgradeCheck = 0450;
				ORGANIZATIONNAME = KoujiMiura;
			};
			buildConfigurationList = 34C5760B1681980F003CF1A7 /* Build configuration list for PBXProject "RSSnikoNews" */;
			compatibilityVersion = "Xcode 3.2";
			developmentRegion = English;
			hasScannedForEncodings = 0;
			knownRegions = (
				en,
			);
			mainGroup = 34C576061681980F003CF1A7;
			productRefGroup = 34C576121681980F003CF1A7 /* Products */;
			projectDirPath = "";
			projectRoot = "";
			targets = (
				34C576101681980F003CF1A7 /* RSSnikoNews */,
				34C5763A16819810003CF1A7 /* RSSnikoNewsTests */,
			);
		};
/* End PBXProject section */

/* Begin PBXResourcesBuildPhase section */
		34C5760F1681980F003CF1A7 /* Resources */ = {
			isa = PBXResourcesBuildPhase;
			buildActionMask = 2147483647;
			files = (
				34C576201681980F003CF1A7 /* InfoPlist.strings in Resources */,
				34C5762816819810003CF1A7 /* Default.png in Resources */,
				34C5762A16819810003CF1A7 /* Default@2x.png in Resources */,
				34C5762C16819810003CF1A7 /* Default-568h@2x.png in Resources */,
				34EA6D8B16840A3B001EA040 /* icon.png in Resources */,
				34699594168A8D330068F7D3 /* rss.plist in Resources */,
				34699596168A91400068F7D3 /* genre.plist in Resources */,
				3465E2DC168AD72200AA2B12 /* genre.png in Resources */,
				3465E2DD168AD72200AA2B12 /* rss.png in Resources */,
				3465E2E6168C3FD200AA2B12 /* topic.png in Resources */,
			);
			runOnlyForDeploymentPostprocessing = 0;
		};
		34C5763816819810003CF1A7 /* Resources */ = {
			isa = PBXResourcesBuildPhase;
			buildActionMask = 2147483647;
			files = (
				34C5764716819810003CF1A7 /* InfoPlist.strings in Resources */,
			);
			runOnlyForDeploymentPostprocessing = 0;
		};
/* End PBXResourcesBuildPhase section */

/* Begin PBXShellScriptBuildPhase section */
		34C5763916819810003CF1A7 /* ShellScript */ = {
			isa = PBXShellScriptBuildPhase;
			buildActionMask = 2147483647;
			files = (
			);
			inputPaths = (
			);
			outputPaths = (
			);
			runOnlyForDeploymentPostprocessing = 0;
			shellPath = /bin/sh;
			shellScript = "# Run the unit tests in this test bundle.\n\"${SYSTEM_DEVELOPER_DIR}/Tools/RunUnitTests\"\n";
		};
/* End PBXShellScriptBuildPhase section */

/* Begin PBXSourcesBuildPhase section */
		34C5760D1681980F003CF1A7 /* Sources */ = {
			isa = PBXSourcesBuildPhase;
			buildActionMask = 2147483647;
			files = (
				34C576221681980F003CF1A7 /* main.m in Sources */,
				34C5762616819810003CF1A7 /* KMAppDelegate.m in Sources */,
				34C5765516819CEA003CF1A7 /* KMRootTableViewController.m in Sources */,
				34C576581681BFBF003CF1A7 /* KMRSSChannel.m in Sources */,
				34C5765C1681C38F003CF1A7 /* KMRSSChannelManager.m in Sources */,
				34C5765F1681C7FB003CF1A7 /* KMRSSConnector.m in Sources */,
				34C5766216829E9D003CF1A7 /* KMRSSItem.m in Sources */,
				3406F1A51682A42E004BDDFD /* KMRSSResponseParser.m in Sources */,
				3406F1AD1682DDB7004BDDFD /* KMRSSItemListTableViewController.m in Sources */,
				3406F1B01682F52F004BDDFD /* KMRSSContentViewController.m in Sources */,
				34EA6D9716841EF0001EA040 /* KMHTMLResponseParser.m in Sources */,
				34EA6DA616842380001EA040 /* KMHTMLConnector.m in Sources */,
				34EA6DA716842380001EA040 /* KMHTMLItem.m in Sources */,
				34EA6DA816842380001EA040 /* KMHTMLChannelManager.m in Sources */,
				34EA6DA916842380001EA040 /* KMHTMLChannel.m in Sources */,
				34EA6DAC16843239001EA040 /* KMHTMLItemListTableViewController.m in Sources */,
				347B424D1689D802003755C3 /* KMHTMLContentViewController.m in Sources */,
				347B42511689D8F5003755C3 /* XPathQuery.m in Sources */,
				346995881689E9B90068F7D3 /* KMTOPICChannel.m in Sources */,
				346995891689E9B90068F7D3 /* KMTOPICChannelManager.m in Sources */,
				3469958A1689E9B90068F7D3 /* KMTOPICConnector.m in Sources */,
				3469958B1689E9B90068F7D3 /* KMTOPICItem.m in Sources */,
				3469958C1689E9B90068F7D3 /* KMTOPICResponseParser.m in Sources */,
				346995911689EB540068F7D3 /* KMTOPICContentViewController.m in Sources */,
				346995921689EB540068F7D3 /* KMTOPICItemListTableViewController.m in Sources */,
				3465E2D7168AC8C700AA2B12 /* KMGenreRootTableViewController.m in Sources */,
				3465E2E4168BD39200AA2B12 /* KMTOPICRootTableViewController.m in Sources */,
			);
			runOnlyForDeploymentPostprocessing = 0;
		};
		34C5763616819810003CF1A7 /* Sources */ = {
			isa = PBXSourcesBuildPhase;
			buildActionMask = 2147483647;
			files = (
				34C5764A16819810003CF1A7 /* RSSnikoNewsTests.m in Sources */,
			);
			runOnlyForDeploymentPostprocessing = 0;
		};
/* End PBXSourcesBuildPhase section */

/* Begin PBXTargetDependency section */
		34C5764116819810003CF1A7 /* PBXTargetDependency */ = {
			isa = PBXTargetDependency;
			target = 34C576101681980F003CF1A7 /* RSSnikoNews */;
			targetProxy = 34C5764016819810003CF1A7 /* PBXContainerItemProxy */;
		};
/* End PBXTargetDependency section */

/* Begin PBXVariantGroup section */
		34C5761E1681980F003CF1A7 /* InfoPlist.strings */ = {
			isa = PBXVariantGroup;
			children = (
				34C5761F1681980F003CF1A7 /* en */,
			);
			name = InfoPlist.strings;
			sourceTree = "<group>";
		};
		34C5764516819810003CF1A7 /* InfoPlist.strings */ = {
			isa = PBXVariantGroup;
			children = (
				34C5764616819810003CF1A7 /* en */,
			);
			name = InfoPlist.strings;
			sourceTree = "<group>";
		};
/* End PBXVariantGroup section */

/* Begin XCBuildConfiguration section */
		34C5764B16819810003CF1A7 /* Debug */ = {
			isa = XCBuildConfiguration;
			buildSettings = {
				ALWAYS_SEARCH_USER_PATHS = NO;
				CLANG_CXX_LANGUAGE_STANDARD = "gnu++0x";
				CLANG_CXX_LIBRARY = "libc++";
				CLANG_ENABLE_OBJC_ARC = YES;
				CLANG_WARN_EMPTY_BODY = YES;
				CLANG_WARN__DUPLICATE_METHOD_MATCH = YES;
				"CODE_SIGN_IDENTITY[sdk=iphoneos*]" = "iPhone Developer";
				COPY_PHASE_STRIP = NO;
				GCC_C_LANGUAGE_STANDARD = gnu99;
				GCC_DYNAMIC_NO_PIC = NO;
				GCC_OPTIMIZATION_LEVEL = 0;
				GCC_PREPROCESSOR_DEFINITIONS = (
					"DEBUG=1",
					"$(inherited)",
				);
				GCC_SYMBOLS_PRIVATE_EXTERN = NO;
				GCC_WARN_ABOUT_RETURN_TYPE = YES;
				GCC_WARN_UNINITIALIZED_AUTOS = YES;
				GCC_WARN_UNUSED_VARIABLE = YES;
				"HEADER_SEARCH_PATHS[arch=*]" = /usr/include/libxml2;
				IPHONEOS_DEPLOYMENT_TARGET = 6.0;
				ONLY_ACTIVE_ARCH = YES;
				SDKROOT = iphoneos;
				TARGETED_DEVICE_FAMILY = "1,2";
			};
			name = Debug;
		};
		34C5764C16819810003CF1A7 /* Release */ = {
			isa = XCBuildConfiguration;
			buildSettings = {
				ALWAYS_SEARCH_USER_PATHS = NO;
				CLANG_CXX_LANGUAGE_STANDARD = "gnu++0x";
				CLANG_CXX_LIBRARY = "libc++";
				CLANG_ENABLE_OBJC_ARC = YES;
				CLANG_WARN_EMPTY_BODY = YES;
				CLANG_WARN__DUPLICATE_METHOD_MATCH = YES;
				"CODE_SIGN_IDENTITY[sdk=iphoneos*]" = "iPhone Developer";
				COPY_PHASE_STRIP = YES;
				GCC_C_LANGUAGE_STANDARD = gnu99;
				GCC_WARN_ABOUT_RETURN_TYPE = YES;
				GCC_WARN_UNINITIALIZED_AUTOS = YES;
				GCC_WARN_UNUSED_VARIABLE = YES;
				"HEADER_SEARCH_PATHS[arch=*]" = /usr/include/libxml2;
				IPHONEOS_DEPLOYMENT_TARGET = 6.0;
				OTHER_CFLAGS = "-DNS_BLOCK_ASSERTIONS=1";
				SDKROOT = iphoneos;
				TARGETED_DEVICE_FAMILY = "1,2";
				VALIDATE_PRODUCT = YES;
			};
			name = Release;
		};
		34C5764E16819810003CF1A7 /* Debug */ = {
			isa = XCBuildConfiguration;
			buildSettings = {
				GCC_PRECOMPILE_PREFIX_HEADER = YES;
				GCC_PREFIX_HEADER = "RSSnikoNews/RSSnikoNews-Prefix.pch";
				INFOPLIST_FILE = "RSSnikoNews/RSSnikoNews-Info.plist";
				PRODUCT_NAME = "$(TARGET_NAME)";
				WRAPPER_EXTENSION = app;
			};
			name = Debug;
		};
		34C5764F16819810003CF1A7 /* Release */ = {
			isa = XCBuildConfiguration;
			buildSettings = {
				GCC_PRECOMPILE_PREFIX_HEADER = YES;
				GCC_PREFIX_HEADER = "RSSnikoNews/RSSnikoNews-Prefix.pch";
				INFOPLIST_FILE = "RSSnikoNews/RSSnikoNews-Info.plist";
				PRODUCT_NAME = "$(TARGET_NAME)";
				WRAPPER_EXTENSION = app;
			};
			name = Release;
		};
		34C5765116819810003CF1A7 /* Debug */ = {
			isa = XCBuildConfiguration;
			buildSettings = {
				BUNDLE_LOADER = "$(BUILT_PRODUCTS_DIR)/RSSnikoNews.app/RSSnikoNews";
				FRAMEWORK_SEARCH_PATHS = (
					"\"$(SDKROOT)/Developer/Library/Frameworks\"",
					"\"$(DEVELOPER_LIBRARY_DIR)/Frameworks\"",
				);
				GCC_PRECOMPILE_PREFIX_HEADER = YES;
				GCC_PREFIX_HEADER = "RSSnikoNews/RSSnikoNews-Prefix.pch";
				INFOPLIST_FILE = "RSSnikoNewsTests/RSSnikoNewsTests-Info.plist";
				PRODUCT_NAME = "$(TARGET_NAME)";
				TEST_HOST = "$(BUNDLE_LOADER)";
				WRAPPER_EXTENSION = octest;
			};
			name = Debug;
		};
		34C5765216819810003CF1A7 /* Release */ = {
			isa = XCBuildConfiguration;
			buildSettings = {
				BUNDLE_LOADER = "$(BUILT_PRODUCTS_DIR)/RSSnikoNews.app/RSSnikoNews";
				FRAMEWORK_SEARCH_PATHS = (
					"\"$(SDKROOT)/Developer/Library/Frameworks\"",
					"\"$(DEVELOPER_LIBRARY_DIR)/Frameworks\"",
				);
				GCC_PRECOMPILE_PREFIX_HEADER = YES;
				GCC_PREFIX_HEADER = "RSSnikoNews/RSSnikoNews-Prefix.pch";
				INFOPLIST_FILE = "RSSnikoNewsTests/RSSnikoNewsTests-Info.plist";
				PRODUCT_NAME = "$(TARGET_NAME)";
				TEST_HOST = "$(BUNDLE_LOADER)";
				WRAPPER_EXTENSION = octest;
			};
			name = Release;
		};
/* End XCBuildConfiguration section */

/* Begin XCConfigurationList section */
		34C5760B1681980F003CF1A7 /* Build configuration list for PBXProject "RSSnikoNews" */ = {
			isa = XCConfigurationList;
			buildConfigurations = (
				34C5764B16819810003CF1A7 /* Debug */,
				34C5764C16819810003CF1A7 /* Release */,
			);
			defaultConfigurationIsVisible = 0;
			defaultConfigurationName = Release;
		};
		34C5764D16819810003CF1A7 /* Build configuration list for PBXNativeTarget "RSSnikoNews" */ = {
			isa = XCConfigurationList;
			buildConfigurations = (
				34C5764E16819810003CF1A7 /* Debug */,
				34C5764F16819810003CF1A7 /* Release */,
			);
			defaultConfigurationIsVisible = 0;
			defaultConfigurationName = Release;
		};
		34C5765016819810003CF1A7 /* Build configuration list for PBXNativeTarget "RSSnikoNewsTests" */ = {
			isa = XCConfigurationList;
			buildConfigurations = (
				34C5765116819810003CF1A7 /* Debug */,
				34C5765216819810003CF1A7 /* Release */,
			);
			defaultConfigurationIsVisible = 0;
			defaultConfigurationName = Release;
		};
/* End XCConfigurationList section */
	};
	rootObject = 34C576081681980F003CF1A7 /* Project object */;
}
